
Microsoft Visual Studio Solution File, Format Version 12.00
# Visual Studio Version 17
VisualStudioVersion = 17.14.36221.1
MinimumVisualStudioVersion = 10.0.40219.1
Project("{FAE04EC0-301F-11D3-BF4B-00C04F79EFBC}") = "InvestDapp", "InvestDapp\InvestDapp.csproj", "{1A2BB265-43BA-48CD-8D9E-FDAA0BBA7722}"
EndProject
Project("{FAE04EC0-301F-11D3-BF4B-00C04F79EFBC}") = "InvestDapp.Shared", "InvestDapp.Shared\InvestDapp.Shared.csproj", "{7A4FEF6E-5DEE-4F4E-AE81-8AC93F1BB684}"
EndProject
Project("{FAE04EC0-301F-11D3-BF4B-00C04F79EFBC}") = "InvestDapp.Infrastructure", "InvestDapp.Infrastructure\InvestDapp.Infrastructure.csproj", "{0E866BD2-19BD-4D43-9A14-1269214C9C94}"
EndProject
Project("{FAE04EC0-301F-11D3-BF4B-00C04F79EFBC}") = "InvestDapp.Application", "InvestDapp.Application\InvestDapp.Application.csproj", "{8944F97D-6420-4DDB-A3AF-8E7B207915E7}"
EndProject
Global
	GlobalSection(SolutionConfigurationPlatforms) = preSolution
		Debug|Any CPU = Debug|Any CPU
		Release|Any CPU = Release|Any CPU
	EndGlobalSection
	GlobalSection(ProjectConfigurationPlatforms) = postSolution
		{1A2BB265-43BA-48CD-8D9E-FDAA0BBA7722}.Debug|Any CPU.ActiveCfg = Debug|Any CPU
		{1A2BB265-43BA-48CD-8D9E-FDAA0BBA7722}.Debug|Any CPU.Build.0 = Debug|Any CPU
		{1A2BB265-43BA-48CD-8D9E-FDAA0BBA7722}.Release|Any CPU.ActiveCfg = Release|Any CPU
		{1A2BB265-43BA-48CD-8D9E-FDAA0BBA7722}.Release|Any CPU.Build.0 = Release|Any CPU
		{7A4FEF6E-5DEE-4F4E-AE81-8AC93F1BB684}.Debug|Any CPU.ActiveCfg = Debug|Any CPU
		{7A4FEF6E-5DEE-4F4E-AE81-8AC93F1BB684}.Debug|Any CPU.Build.0 = Debug|Any CPU
		{7A4FEF6E-5DEE-4F4E-AE81-8AC93F1BB684}.Release|Any CPU.ActiveCfg = Release|Any CPU
		{7A4FEF6E-5DEE-4F4E-AE81-8AC93F1BB684}.Release|Any CPU.Build.0 = Release|Any CPU
		{0E866BD2-19BD-4D43-9A14-1269214C9C94}.Debug|Any CPU.ActiveCfg = Debug|Any CPU
		{0E866BD2-19BD-4D43-9A14-1269214C9C94}.Debug|Any CPU.Build.0 = Debug|Any CPU
		{0E866BD2-19BD-4D43-9A14-1269214C9C94}.Release|Any CPU.ActiveCfg = Release|Any CPU
		{0E866BD2-19BD-4D43-9A14-1269214C9C94}.Release|Any CPU.Build.0 = Release|Any CPU
		{8944F97D-6420-4DDB-A3AF-8E7B207915E7}.Debug|Any CPU.ActiveCfg = Debug|Any CPU
		{8944F97D-6420-4DDB-A3AF-8E7B207915E7}.Debug|Any CPU.Build.0 = Debug|Any CPU
		{8944F97D-6420-4DDB-A3AF-8E7B207915E7}.Release|Any CPU.ActiveCfg = Release|Any CPU
		{8944F97D-6420-4DDB-A3AF-8E7B207915E7}.Release|Any CPU.Build.0 = Release|Any CPU
	EndGlobalSection
	GlobalSection(SolutionProperties) = preSolution
		HideSolutionNode = FALSE
	EndGlobalSection
	GlobalSection(ExtensibilityGlobals) = postSolution
		SolutionGuid = {C520C99B-39B4-4FB5-88B4-28843173C0E2}
	EndGlobalSection
EndGlobal
